
Microsoft Visual Studio Solution File, Format Version 12.00
# Visual Studio 15
VisualStudioVersion = 15.0.26228.4
MinimumVisualStudioVersion = 10.0.40219.1
Project("{D954291E-2A0B-460D-934E-DC6B0785DB48}") = "MyNote", "MyNote\MyNote\MyNote.shproj", "{F4BDB024-0591-4788-8AB9-3E7F7F0CAF1F}"
EndProject
Project("{FAE04EC0-301F-11D3-BF4B-00C04F79EFBC}") = "MyNote.Android", "MyNote\MyNote.Android\MyNote.Android.csproj", "{1DB142C2-20D2-423C-831A-6E2941E6EAAB}"
EndProject
Project("{FAE04EC0-301F-11D3-BF4B-00C04F79EFBC}") = "MyNote.iOS", "MyNote\MyNote.iOS\MyNote.iOS.csproj", "{2F428073-1B15-4B14-8A1F-03D61253D4D3}"
EndProject
Project("{FAE04EC0-301F-11D3-BF4B-00C04F79EFBC}") = "MyNote.UWP", "MyNote\MyNote.UWP\MyNote.UWP.csproj", "{A5909A2F-1593-4F59-AD6F-FB5EF91FAB57}"
EndProject
Global
	GlobalSection(SharedMSBuildProjectFiles) = preSolution
		MyNote\MyNote\MyNote.projitems*{1db142c2-20d2-423c-831a-6e2941e6eaab}*SharedItemsImports = 4
		MyNote\MyNote\MyNote.projitems*{2f428073-1b15-4b14-8a1f-03d61253d4d3}*SharedItemsImports = 4
		MyNote\MyNote\MyNote.projitems*{a5909a2f-1593-4f59-ad6f-fb5ef91fab57}*SharedItemsImports = 4
		MyNote\MyNote\MyNote.projitems*{f4bdb024-0591-4788-8ab9-3e7f7f0caf1f}*SharedItemsImports = 13
	EndGlobalSection
	GlobalSection(SolutionConfigurationPlatforms) = preSolution
		Ad-Hoc|Any CPU = Ad-Hoc|Any CPU
		Ad-Hoc|ARM = Ad-Hoc|ARM
		Ad-Hoc|iPhone = Ad-Hoc|iPhone
		Ad-Hoc|iPhoneSimulator = Ad-Hoc|iPhoneSimulator
		Ad-Hoc|x64 = Ad-Hoc|x64
		Ad-Hoc|x86 = Ad-Hoc|x86
		AppStore|Any CPU = AppStore|Any CPU
		AppStore|ARM = AppStore|ARM
		AppStore|iPhone = AppStore|iPhone
		AppStore|iPhoneSimulator = AppStore|iPhoneSimulator
		AppStore|x64 = AppStore|x64
		AppStore|x86 = AppStore|x86
		Debug|Any CPU = Debug|Any CPU
		Debug|ARM = Debug|ARM
		Debug|iPhone = Debug|iPhone
		Debug|iPhoneSimulator = Debug|iPhoneSimulator
		Debug|x64 = Debug|x64
		Debug|x86 = Debug|x86
		Release|Any CPU = Release|Any CPU
		Release|ARM = Release|ARM
		Release|iPhone = Release|iPhone
		Release|iPhoneSimulator = Release|iPhoneSimulator
		Release|x64 = Release|x64
		Release|x86 = Release|x86
	EndGlobalSection
	GlobalSection(ProjectConfigurationPlatforms) = postSolution
		{1DB142C2-20D2-423C-831A-6E2941E6EAAB}.Ad-Hoc|Any CPU.ActiveCfg = Release|Any CPU
		{1DB142C2-20D2-423C-831A-6E2941E6EAAB}.Ad-Hoc|Any CPU.Build.0 = Release|Any CPU
		{1DB142C2-20D2-423C-831A-6E2941E6EAAB}.Ad-Hoc|Any CPU.Deploy.0 = Release|Any CPU
		{1DB142C2-20D2-423C-831A-6E2941E6EAAB}.Ad-Hoc|ARM.ActiveCfg = Release|Any CPU
		{1DB142C2-20D2-423C-831A-6E2941E6EAAB}.Ad-Hoc|ARM.Build.0 = Release|Any CPU
		{1DB142C2-20D2-423C-831A-6E2941E6EAAB}.Ad-Hoc|ARM.Deploy.0 = Release|Any CPU
		{1DB142C2-20D2-423C-831A-6E2941E6EAAB}.Ad-Hoc|iPhone.ActiveCfg = Release|Any CPU
		{1DB142C2-20D2-423C-831A-6E2941E6EAAB}.Ad-Hoc|iPhone.Build.0 = Release|Any CPU
		{1DB142C2-20D2-423C-831A-6E2941E6EAAB}.Ad-Hoc|iPhone.Deploy.0 = Release|Any CPU
		{1DB142C2-20D2-423C-831A-6E2941E6EAAB}.Ad-Hoc|iPhoneSimulator.ActiveCfg = Release|Any CPU
		{1DB142C2-20D2-423C-831A-6E2941E6EAAB}.Ad-Hoc|iPhoneSimulator.Build.0 = Release|Any CPU
		{1DB142C2-20D2-423C-831A-6E2941E6EAAB}.Ad-Hoc|iPhoneSimulator.Deploy.0 = Release|Any CPU
		{1DB142C2-20D2-423C-831A-6E2941E6EAAB}.Ad-Hoc|x64.ActiveCfg = Release|Any CPU
		{1DB142C2-20D2-423C-831A-6E2941E6EAAB}.Ad-Hoc|x64.Build.0 = Release|Any CPU
		{1DB142C2-20D2-423C-831A-6E2941E6EAAB}.Ad-Hoc|x64.Deploy.0 = Release|Any CPU
		{1DB142C2-20D2-423C-831A-6E2941E6EAAB}.Ad-Hoc|x86.ActiveCfg = Release|Any CPU
		{1DB142C2-20D2-423C-831A-6E2941E6EAAB}.Ad-Hoc|x86.Build.0 = Release|Any CPU
		{1DB142C2-20D2-423C-831A-6E2941E6EAAB}.Ad-Hoc|x86.Deploy.0 = Release|Any CPU
		{1DB142C2-20D2-423C-831A-6E2941E6EAAB}.AppStore|Any CPU.ActiveCfg = Release|Any CPU
		{1DB142C2-20D2-423C-831A-6E2941E6EAAB}.AppStore|Any CPU.Build.0 = Release|Any CPU
		{1DB142C2-20D2-423C-831A-6E2941E6EAAB}.AppStore|Any CPU.Deploy.0 = Release|Any CPU
		{1DB142C2-20D2-423C-831A-6E2941E6EAAB}.AppStore|ARM.ActiveCfg = Release|Any CPU
		{1DB142C2-20D2-423C-831A-6E2941E6EAAB}.AppStore|ARM.Build.0 = Release|Any CPU
		{1DB142C2-20D2-423C-831A-6E2941E6EAAB}.AppStore|ARM.Deploy.0 = Release|Any CPU
		{1DB142C2-20D2-423C-831A-6E2941E6EAAB}.AppStore|iPhone.ActiveCfg = Release|Any CPU
		{1DB142C2-20D2-423C-831A-6E2941E6EAAB}.AppStore|iPhone.Build.0 = Release|Any CPU
		{1DB142C2-20D2-423C-831A-6E2941E6EAAB}.AppStore|iPhone.Deploy.0 = Release|Any CPU
		{1DB142C2-20D2-423C-831A-6E2941E6EAAB}.AppStore|iPhoneSimulator.ActiveCfg = Release|Any CPU
		{1DB142C2-20D2-423C-831A-6E2941E6EAAB}.AppStore|iPhoneSimulator.Build.0 = Release|Any CPU
		{1DB142C2-20D2-423C-831A-6E2941E6EAAB}.AppStore|iPhoneSimulator.Deploy.0 = Release|Any CPU
		{1DB142C2-20D2-423C-831A-6E2941E6EAAB}.AppStore|x64.ActiveCfg = Release|Any CPU
		{1DB142C2-20D2-423C-831A-6E2941E6EAAB}.AppStore|x64.Build.0 = Release|Any CPU
		{1DB142C2-20D2-423C-831A-6E2941E6EAAB}.AppStore|x64.Deploy.0 = Release|Any CPU
		{1DB142C2-20D2-423C-831A-6E2941E6EAAB}.AppStore|x86.ActiveCfg = Release|Any CPU
		{1DB142C2-20D2-423C-831A-6E2941E6EAAB}.AppStore|x86.Build.0 = Release|Any CPU
		{1DB142C2-20D2-423C-831A-6E2941E6EAAB}.AppStore|x86.Deploy.0 = Release|Any CPU
		{1DB142C2-20D2-423C-831A-6E2941E6EAAB}.Debug|Any CPU.ActiveCfg = Debug|Any CPU
		{1DB142C2-20D2-423C-831A-6E2941E6EAAB}.Debug|Any CPU.Build.0 = Debug|Any CPU
		{1DB142C2-20D2-423C-831A-6E2941E6EAAB}.Debug|Any CPU.Deploy.0 = Debug|Any CPU
		{1DB142C2-20D2-423C-831A-6E2941E6EAAB}.Debug|ARM.ActiveCfg = Debug|Any CPU
		{1DB142C2-20D2-423C-831A-6E2941E6EAAB}.Debug|ARM.Build.0 = Debug|Any CPU
		{1DB142C2-20D2-423C-831A-6E2941E6EAAB}.Debug|ARM.Deploy.0 = Debug|Any CPU
		{1DB142C2-20D2-423C-831A-6E2941E6EAAB}.Debug|iPhone.ActiveCfg = Debug|Any CPU
		{1DB142C2-20D2-423C-831A-6E2941E6EAAB}.Debug|iPhone.Build.0 = Debug|Any CPU
		{1DB142C2-20D2-423C-831A-6E2941E6EAAB}.Debug|iPhone.Deploy.0 = Debug|Any CPU
		{1DB142C2-20D2-423C-831A-6E2941E6EAAB}.Debug|iPhoneSimulator.ActiveCfg = Debug|Any CPU
		{1DB142C2-20D2-423C-831A-6E2941E6EAAB}.Debug|iPhoneSimulator.Build.0 = Debug|Any CPU
		{1DB142C2-20D2-423C-831A-6E2941E6EAAB}.Debug|iPhoneSimulator.Deploy.0 = Debug|Any CPU
		{1DB142C2-20D2-423C-831A-6E2941E6EAAB}.Debug|x64.ActiveCfg = Debug|Any CPU
		{1DB142C2-20D2-423C-831A-6E2941E6EAAB}.Debug|x64.Build.0 = Debug|Any CPU
		{1DB142C2-20D2-423C-831A-6E2941E6EAAB}.Debug|x64.Deploy.0 = Debug|Any CPU
		{1DB142C2-20D2-423C-831A-6E2941E6EAAB}.Debug|x86.ActiveCfg = Debug|Any CPU
		{1DB142C2-20D2-423C-831A-6E2941E6EAAB}.Debug|x86.Build.0 = Debug|Any CPU
		{1DB142C2-20D2-423C-831A-6E2941E6EAAB}.Debug|x86.Deploy.0 = Debug|Any CPU
		{1DB142C2-20D2-423C-831A-6E2941E6EAAB}.Release|Any CPU.ActiveCfg = Release|Any CPU
		{1DB142C2-20D2-423C-831A-6E2941E6EAAB}.Release|Any CPU.Build.0 = Release|Any CPU
		{1DB142C2-20D2-423C-831A-6E2941E6EAAB}.Release|Any CPU.Deploy.0 = Release|Any CPU
		{1DB142C2-20D2-423C-831A-6E2941E6EAAB}.Release|ARM.ActiveCfg = Release|Any CPU
		{1DB142C2-20D2-423C-831A-6E2941E6EAAB}.Release|ARM.Build.0 = Release|Any CPU
		{1DB142C2-20D2-423C-831A-6E2941E6EAAB}.Release|ARM.Deploy.0 = Release|Any CPU
		{1DB142C2-20D2-423C-831A-6E2941E6EAAB}.Release|iPhone.ActiveCfg = Release|Any CPU
		{1DB142C2-20D2-423C-831A-6E2941E6EAAB}.Release|iPhone.Build.0 = Release|Any CPU
		{1DB142C2-20D2-423C-831A-6E2941E6EAAB}.Release|iPhone.Deploy.0 = Release|Any CPU
		{1DB142C2-20D2-423C-831A-6E2941E6EAAB}.Release|iPhoneSimulator.ActiveCfg = Release|Any CPU
		{1DB142C2-20D2-423C-831A-6E2941E6EAAB}.Release|iPhoneSimulator.Build.0 = Release|Any CPU
		{1DB142C2-20D2-423C-831A-6E2941E6EAAB}.Release|iPhoneSimulator.Deploy.0 = Release|Any CPU
		{1DB142C2-20D2-423C-831A-6E2941E6EAAB}.Release|x64.ActiveCfg = Release|Any CPU
		{1DB142C2-20D2-423C-831A-6E2941E6EAAB}.Release|x64.Build.0 = Release|Any CPU
		{1DB142C2-20D2-423C-831A-6E2941E6EAAB}.Release|x64.Deploy.0 = Release|Any CPU
		{1DB142C2-20D2-423C-831A-6E2941E6EAAB}.Release|x86.ActiveCfg = Release|Any CPU
		{1DB142C2-20D2-423C-831A-6E2941E6EAAB}.Release|x86.Build.0 = Release|Any CPU
		{1DB142C2-20D2-423C-831A-6E2941E6EAAB}.Release|x86.Deploy.0 = Release|Any CPU
		{2F428073-1B15-4B14-8A1F-03D61253D4D3}.Ad-Hoc|Any CPU.ActiveCfg = Ad-Hoc|iPhone
		{2F428073-1B15-4B14-8A1F-03D61253D4D3}.Ad-Hoc|ARM.ActiveCfg = Ad-Hoc|iPhone
		{2F428073-1B15-4B14-8A1F-03D61253D4D3}.Ad-Hoc|iPhone.ActiveCfg = Ad-Hoc|iPhone
		{2F428073-1B15-4B14-8A1F-03D61253D4D3}.Ad-Hoc|iPhone.Build.0 = Ad-Hoc|iPhone
		{2F428073-1B15-4B14-8A1F-03D61253D4D3}.Ad-Hoc|iPhoneSimulator.ActiveCfg = Ad-Hoc|iPhoneSimulator
		{2F428073-1B15-4B14-8A1F-03D61253D4D3}.Ad-Hoc|iPhoneSimulator.Build.0 = Ad-Hoc|iPhoneSimulator
		{2F428073-1B15-4B14-8A1F-03D61253D4D3}.Ad-Hoc|x64.ActiveCfg = Ad-Hoc|iPhone
		{2F428073-1B15-4B14-8A1F-03D61253D4D3}.Ad-Hoc|x86.ActiveCfg = Ad-Hoc|iPhone
		{2F428073-1B15-4B14-8A1F-03D61253D4D3}.AppStore|Any CPU.ActiveCfg = AppStore|iPhone
		{2F428073-1B15-4B14-8A1F-03D61253D4D3}.AppStore|ARM.ActiveCfg = AppStore|iPhone
		{2F428073-1B15-4B14-8A1F-03D61253D4D3}.AppStore|iPhone.ActiveCfg = AppStore|iPhone
		{2F428073-1B15-4B14-8A1F-03D61253D4D3}.AppStore|iPhone.Build.0 = AppStore|iPhone
		{2F428073-1B15-4B14-8A1F-03D61253D4D3}.AppStore|iPhoneSimulator.ActiveCfg = AppStore|iPhoneSimulator
		{2F428073-1B15-4B14-8A1F-03D61253D4D3}.AppStore|iPhoneSimulator.Build.0 = AppStore|iPhoneSimulator
		{2F428073-1B15-4B14-8A1F-03D61253D4D3}.AppStore|x64.ActiveCfg = AppStore|iPhone
		{2F428073-1B15-4B14-8A1F-03D61253D4D3}.AppStore|x86.ActiveCfg = AppStore|iPhone
		{2F428073-1B15-4B14-8A1F-03D61253D4D3}.Debug|Any CPU.ActiveCfg = Debug|iPhone
		{2F428073-1B15-4B14-8A1F-03D61253D4D3}.Debug|ARM.ActiveCfg = Debug|iPhone
		{2F428073-1B15-4B14-8A1F-03D61253D4D3}.Debug|iPhone.ActiveCfg = Debug|iPhone
		{2F428073-1B15-4B14-8A1F-03D61253D4D3}.Debug|iPhone.Build.0 = Debug|iPhone
		{2F428073-1B15-4B14-8A1F-03D61253D4D3}.Debug|iPhoneSimulator.ActiveCfg = Debug|iPhoneSimulator
		{2F428073-1B15-4B14-8A1F-03D61253D4D3}.Debug|iPhoneSimulator.Build.0 = Debug|iPhoneSimulator
		{2F428073-1B15-4B14-8A1F-03D61253D4D3}.Debug|x64.ActiveCfg = Debug|iPhone
		{2F428073-1B15-4B14-8A1F-03D61253D4D3}.Debug|x86.ActiveCfg = Debug|iPhone
		{2F428073-1B15-4B14-8A1F-03D61253D4D3}.Release|Any CPU.ActiveCfg = Release|iPhone
		{2F428073-1B15-4B14-8A1F-03D61253D4D3}.Release|ARM.ActiveCfg = Release|iPhone
		{2F428073-1B15-4B14-8A1F-03D61253D4D3}.Release|iPhone.ActiveCfg = Release|iPhone
		{2F428073-1B15-4B14-8A1F-03D61253D4D3}.Release|iPhone.Build.0 = Release|iPhone
		{2F428073-1B15-4B14-8A1F-03D61253D4D3}.Release|iPhoneSimulator.ActiveCfg = Release|iPhoneSimulator
		{2F428073-1B15-4B14-8A1F-03D61253D4D3}.Release|iPhoneSimulator.Build.0 = Release|iPhoneSimulator
		{2F428073-1B15-4B14-8A1F-03D61253D4D3}.Release|x64.ActiveCfg = Release|iPhone
		{2F428073-1B15-4B14-8A1F-03D61253D4D3}.Release|x86.ActiveCfg = Release|iPhone
		{A5909A2F-1593-4F59-AD6F-FB5EF91FAB57}.Ad-Hoc|Any CPU.ActiveCfg = Release|x86
		{A5909A2F-1593-4F59-AD6F-FB5EF91FAB57}.Ad-Hoc|Any CPU.Build.0 = Release|x86
		{A5909A2F-1593-4F59-AD6F-FB5EF91FAB57}.Ad-Hoc|Any CPU.Deploy.0 = Release|x86
		{A5909A2F-1593-4F59-AD6F-FB5EF91FAB57}.Ad-Hoc|ARM.ActiveCfg = Release|ARM
		{A5909A2F-1593-4F59-AD6F-FB5EF91FAB57}.Ad-Hoc|ARM.Build.0 = Release|ARM
		{A5909A2F-1593-4F59-AD6F-FB5EF91FAB57}.Ad-Hoc|ARM.Deploy.0 = Release|ARM
		{A5909A2F-1593-4F59-AD6F-FB5EF91FAB57}.Ad-Hoc|iPhone.ActiveCfg = Release|x86
		{A5909A2F-1593-4F59-AD6F-FB5EF91FAB57}.Ad-Hoc|iPhone.Build.0 = Release|x86
		{A5909A2F-1593-4F59-AD6F-FB5EF91FAB57}.Ad-Hoc|iPhone.Deploy.0 = Release|x86
		{A5909A2F-1593-4F59-AD6F-FB5EF91FAB57}.Ad-Hoc|iPhoneSimulator.ActiveCfg = Release|x86
		{A5909A2F-1593-4F59-AD6F-FB5EF91FAB57}.Ad-Hoc|iPhoneSimulator.Build.0 = Release|x86
		{A5909A2F-1593-4F59-AD6F-FB5EF91FAB57}.Ad-Hoc|iPhoneSimulator.Deploy.0 = Release|x86
		{A5909A2F-1593-4F59-AD6F-FB5EF91FAB57}.Ad-Hoc|x64.ActiveCfg = Release|x64
		{A5909A2F-1593-4F59-AD6F-FB5EF91FAB57}.Ad-Hoc|x64.Build.0 = Release|x64
		{A5909A2F-1593-4F59-AD6F-FB5EF91FAB57}.Ad-Hoc|x64.Deploy.0 = Release|x64
		{A5909A2F-1593-4F59-AD6F-FB5EF91FAB57}.Ad-Hoc|x86.ActiveCfg = Release|x86
		{A5909A2F-1593-4F59-AD6F-FB5EF91FAB57}.Ad-Hoc|x86.Build.0 = Release|x86
		{A5909A2F-1593-4F59-AD6F-FB5EF91FAB57}.Ad-Hoc|x86.Deploy.0 = Release|x86
		{A5909A2F-1593-4F59-AD6F-FB5EF91FAB57}.AppStore|Any CPU.ActiveCfg = Release|x86
		{A5909A2F-1593-4F59-AD6F-FB5EF91FAB57}.AppStore|Any CPU.Build.0 = Release|x86
		{A5909A2F-1593-4F59-AD6F-FB5EF91FAB57}.AppStore|Any CPU.Deploy.0 = Release|x86
		{A5909A2F-1593-4F59-AD6F-FB5EF91FAB57}.AppStore|ARM.ActiveCfg = Release|ARM
		{A5909A2F-1593-4F59-AD6F-FB5EF91FAB57}.AppStore|ARM.Build.0 = Release|ARM
		{A5909A2F-1593-4F59-AD6F-FB5EF91FAB57}.AppStore|ARM.Deploy.0 = Release|ARM
		{A5909A2F-1593-4F59-AD6F-FB5EF91FAB57}.AppStore|iPhone.ActiveCfg = Release|x86
		{A5909A2F-1593-4F59-AD6F-FB5EF91FAB57}.AppStore|iPhone.Build.0 = Release|x86
		{A5909A2F-1593-4F59-AD6F-FB5EF91FAB57}.AppStore|iPhone.Deploy.0 = Release|x86
		{A5909A2F-1593-4F59-AD6F-FB5EF91FAB57}.AppStore|iPhoneSimulator.ActiveCfg = Release|x86
		{A5909A2F-1593-4F59-AD6F-FB5EF91FAB57}.AppStore|iPhoneSimulator.Build.0 = Release|x86
		{A5909A2F-1593-4F59-AD6F-FB5EF91FAB57}.AppStore|iPhoneSimulator.Deploy.0 = Release|x86
		{A5909A2F-1593-4F59-AD6F-FB5EF91FAB57}.AppStore|x64.ActiveCfg = Release|x64
		{A5909A2F-1593-4F59-AD6F-FB5EF91FAB57}.AppStore|x64.Build.0 = Release|x64
		{A5909A2F-1593-4F59-AD6F-FB5EF91FAB57}.AppStore|x64.Deploy.0 = Release|x64
		{A5909A2F-1593-4F59-AD6F-FB5EF91FAB57}.AppStore|x86.ActiveCfg = Release|x86
		{A5909A2F-1593-4F59-AD6F-FB5EF91FAB57}.AppStore|x86.Build.0 = Release|x86
		{A5909A2F-1593-4F59-AD6F-FB5EF91FAB57}.AppStore|x86.Deploy.0 = Release|x86
		{A5909A2F-1593-4F59-AD6F-FB5EF91FAB57}.Debug|Any CPU.ActiveCfg = Debug|x86
		{A5909A2F-1593-4F59-AD6F-FB5EF91FAB57}.Debug|Any CPU.Build.0 = Debug|x86
		{A5909A2F-1593-4F59-AD6F-FB5EF91FAB57}.Debug|Any CPU.Deploy.0 = Debug|x86
		{A5909A2F-1593-4F59-AD6F-FB5EF91FAB57}.Debug|ARM.ActiveCfg = Debug|ARM
		{A5909A2F-1593-4F59-AD6F-FB5EF91FAB57}.Debug|ARM.Build.0 = Debug|ARM
		{A5909A2F-1593-4F59-AD6F-FB5EF91FAB57}.Debug|ARM.Deploy.0 = Debug|ARM
		{A5909A2F-1593-4F59-AD6F-FB5EF91FAB57}.Debug|iPhone.ActiveCfg = Debug|x86
		{A5909A2F-1593-4F59-AD6F-FB5EF91FAB57}.Debug|iPhoneSimulator.ActiveCfg = Debug|x86
		{A5909A2F-1593-4F59-AD6F-FB5EF91FAB57}.Debug|x64.ActiveCfg = Debug|x64
		{A5909A2F-1593-4F59-AD6F-FB5EF91FAB57}.Debug|x64.Build.0 = Debug|x64
		{A5909A2F-1593-4F59-AD6F-FB5EF91FAB57}.Debug|x64.Deploy.0 = Debug|x64
		{A5909A2F-1593-4F59-AD6F-FB5EF91FAB57}.Debug|x86.ActiveCfg = Debug|x86
		{A5909A2F-1593-4F59-AD6F-FB5EF91FAB57}.Debug|x86.Build.0 = Debug|x86
		{A5909A2F-1593-4F59-AD6F-FB5EF91FAB57}.Debug|x86.Deploy.0 = Debug|x86
		{A5909A2F-1593-4F59-AD6F-FB5EF91FAB57}.Release|Any CPU.ActiveCfg = Release|x86
		{A5909A2F-1593-4F59-AD6F-FB5EF91FAB57}.Release|ARM.ActiveCfg = Release|ARM
		{A5909A2F-1593-4F59-AD6F-FB5EF91FAB57}.Release|ARM.Build.0 = Release|ARM
		{A5909A2F-1593-4F59-AD6F-FB5EF91FAB57}.Release|ARM.Deploy.0 = Release|ARM
		{A5909A2F-1593-4F59-AD6F-FB5EF91FAB57}.Release|iPhone.ActiveCfg = Release|x86
		{A5909A2F-1593-4F59-AD6F-FB5EF91FAB57}.Release|iPhoneSimulator.ActiveCfg = Release|x86
		{A5909A2F-1593-4F59-AD6F-FB5EF91FAB57}.Release|x64.ActiveCfg = Release|x64
		{A5909A2F-1593-4F59-AD6F-FB5EF91FAB57}.Release|x64.Build.0 = Release|x64
		{A5909A2F-1593-4F59-AD6F-FB5EF91FAB57}.Release|x64.Deploy.0 = Release|x64
		{A5909A2F-1593-4F59-AD6F-FB5EF91FAB57}.Release|x86.ActiveCfg = Release|x86
		{A5909A2F-1593-4F59-AD6F-FB5EF91FAB57}.Release|x86.Build.0 = Release|x86
		{A5909A2F-1593-4F59-AD6F-FB5EF91FAB57}.Release|x86.Deploy.0 = Release|x86
	EndGlobalSection
	GlobalSection(SolutionProperties) = preSolution
		HideSolutionNode = FALSE
	EndGlobalSection
EndGlobal
